
Microsoft Visual Studio Solution File, Format Version 12.00
Project("{FAE04EC0-301F-11D3-BF4B-00C04F79EFBC}") = "OnlineChat.Api", "OnlineChat.Api\OnlineChat.Api.csproj", "{CF53B6C4-3532-456A-9597-A8B58C6F39D2}"
EndProject
Project("{FAE04EC0-301F-11D3-BF4B-00C04F79EFBC}") = "OnlineChat.Models", "OnlineChat.Models\OnlineChat.Models.csproj", "{98B564C1-260F-4DCD-9014-01F974537D7B}"
EndProject
Project("{FAE04EC0-301F-11D3-BF4B-00C04F79EFBC}") = "OnlineChat.Identity.Api", "OnlineChat.Identity.Api\OnlineChat.Identity.Api.csproj", "{6E803EFE-7BA5-4564-A640-D7A553A4B3F1}"
EndProject
Global
	GlobalSection(SolutionConfigurationPlatforms) = preSolution
		Debug|Any CPU = Debug|Any CPU
		Release|Any CPU = Release|Any CPU
	EndGlobalSection
	GlobalSection(ProjectConfigurationPlatforms) = postSolution
		{CF53B6C4-3532-456A-9597-A8B58C6F39D2}.Debug|Any CPU.ActiveCfg = Debug|Any CPU
		{CF53B6C4-3532-456A-9597-A8B58C6F39D2}.Debug|Any CPU.Build.0 = Debug|Any CPU
		{CF53B6C4-3532-456A-9597-A8B58C6F39D2}.Release|Any CPU.ActiveCfg = Release|Any CPU
		{CF53B6C4-3532-456A-9597-A8B58C6F39D2}.Release|Any CPU.Build.0 = Release|Any CPU
		{98B564C1-260F-4DCD-9014-01F974537D7B}.Debug|Any CPU.ActiveCfg = Debug|Any CPU
		{98B564C1-260F-4DCD-9014-01F974537D7B}.Debug|Any CPU.Build.0 = Debug|Any CPU
		{98B564C1-260F-4DCD-9014-01F974537D7B}.Release|Any CPU.ActiveCfg = Release|Any CPU
		{98B564C1-260F-4DCD-9014-01F974537D7B}.Release|Any CPU.Build.0 = Release|Any CPU
		{6E803EFE-7BA5-4564-A640-D7A553A4B3F1}.Debug|Any CPU.ActiveCfg = Debug|Any CPU
		{6E803EFE-7BA5-4564-A640-D7A553A4B3F1}.Debug|Any CPU.Build.0 = Debug|Any CPU
		{6E803EFE-7BA5-4564-A640-D7A553A4B3F1}.Release|Any CPU.ActiveCfg = Release|Any CPU
		{6E803EFE-7BA5-4564-A640-D7A553A4B3F1}.Release|Any CPU.Build.0 = Release|Any CPU
	EndGlobalSection
EndGlobal
